
Microsoft Visual Studio Solution File, Format Version 12.00
# Visual Studio Version 17
VisualStudioVersion = 17.13.35828.75 d17.13
MinimumVisualStudioVersion = 10.0.40219.1
Project("{FAE04EC0-301F-11D3-BF4B-00C04F79EFBC}") = "lab10", "lab10\lab10.csproj", "{9216BD23-F980-491C-A571-5B9F8420A067}"
EndProject
Global
	GlobalSection(SolutionConfigurationPlatforms) = preSolution
		Debug|Any CPU = Debug|Any CPU
		Release|Any CPU = Release|Any CPU
	EndGlobalSection
	GlobalSection(ProjectConfigurationPlatforms) = postSolution
		{9216BD23-F980-491C-A571-5B9F8420A067}.Debug|Any CPU.ActiveCfg = Debug|Any CPU
		{9216BD23-F980-491C-A571-5B9F8420A067}.Debug|Any CPU.Build.0 = Debug|Any CPU
		{9216BD23-F980-491C-A571-5B9F8420A067}.Release|Any CPU.ActiveCfg = Release|Any CPU
		{9216BD23-F980-491C-A571-5B9F8420A067}.Release|Any CPU.Build.0 = Release|Any CPU
	EndGlobalSection
	GlobalSection(SolutionProperties) = preSolution
		HideSolutionNode = FALSE
	EndGlobalSection
	GlobalSection(ExtensibilityGlobals) = postSolution
		SolutionGuid = {32E09EBB-7414-43DB-912D-552F6E558D84}
	EndGlobalSection
EndGlobal
