
Microsoft Visual Studio Solution File, Format Version 12.00
# Visual Studio Version 17
VisualStudioVersion = 17.13.35828.75 d17.13
MinimumVisualStudioVersion = 10.0.40219.1
Project("{FAE04EC0-301F-11D3-BF4B-00C04F79EFBC}") = "lab11", "lab11\lab11.csproj", "{BD02221F-6434-4BE4-BBB6-0C0366D0195B}"
EndProject
Global
	GlobalSection(SolutionConfigurationPlatforms) = preSolution
		Debug|Any CPU = Debug|Any CPU
		Release|Any CPU = Release|Any CPU
	EndGlobalSection
	GlobalSection(ProjectConfigurationPlatforms) = postSolution
		{BD02221F-6434-4BE4-BBB6-0C0366D0195B}.Debug|Any CPU.ActiveCfg = Debug|Any CPU
		{BD02221F-6434-4BE4-BBB6-0C0366D0195B}.Debug|Any CPU.Build.0 = Debug|Any CPU
		{BD02221F-6434-4BE4-BBB6-0C0366D0195B}.Release|Any CPU.ActiveCfg = Release|Any CPU
		{BD02221F-6434-4BE4-BBB6-0C0366D0195B}.Release|Any CPU.Build.0 = Release|Any CPU
	EndGlobalSection
	GlobalSection(SolutionProperties) = preSolution
		HideSolutionNode = FALSE
	EndGlobalSection
	GlobalSection(ExtensibilityGlobals) = postSolution
		SolutionGuid = {B184523A-51CF-4C3F-BDD1-4517E48567E3}
	EndGlobalSection
EndGlobal
